// !$*UTF8*$!
{
	archiveVersion = 1;
	classes = {
	};
	objectVersion = 77;
	objects = {

/* Begin PBXContainerItemProxy section */
		8F909ABC2E448F6600481315 /* PBXContainerItemProxy */ = {
			isa = PBXContainerItemProxy;
			containerPortal = 8F909AA62E448F6400481315 /* Project object */;
			proxyType = 1;
			remoteGlobalIDString = 8F909AAD2E448F6400481315;
			remoteInfo = XcodeCloudTest;
		};
		8F909AC62E448F6600481315 /* PBXContainerItemProxy */ = {
			isa = PBXContainerItemProxy;
			containerPortal = 8F909AA62E448F6400481315 /* Project object */;
			proxyType = 1;
			remoteGlobalIDString = 8F909AAD2E448F6400481315;
			remoteInfo = XcodeCloudTest;
		};
/* End PBXContainerItemProxy section */

/* Begin PBXFileReference section */
		8F909AAE2E448F6400481315 /* XcodeCloudTest.app */ = {isa = PBXFileReference; explicitFileType = wrapper.application; includeInIndex = 0; path = XcodeCloudTest.app; sourceTree = BUILT_PRODUCTS_DIR; };
		8F909ABB2E448F6600481315 /* XcodeCloudTestTests.xctest */ = {isa = PBXFileReference; explicitFileType = wrapper.cfbundle; includeInIndex = 0; path = XcodeCloudTestTests.xctest; sourceTree = BUILT_PRODUCTS_DIR; };
		8F909AC52E448F6600481315 /* XcodeCloudTestUITests.xctest */ = {isa = PBXFileReference; explicitFileType = wrapper.cfbundle; includeInIndex = 0; path = XcodeCloudTestUITests.xctest; sourceTree = BUILT_PRODUCTS_DIR; };
/* End PBXFileReference section */

/* Begin PBXFileSystemSynchronizedRootGroup section */
		8F909AB02E448F6400481315 /* XcodeCloudTest */ = {
			isa = PBXFileSystemSynchronizedRootGroup;
			path = XcodeCloudTest;
			sourceTree = "<group>";
		};
		8F909ABE2E448F6600481315 /* XcodeCloudTestTests */ = {
			isa = PBXFileSystemSynchronizedRootGroup;
			path = XcodeCloudTestTests;
			sourceTree = "<group>";
		};
		8F909AC82E448F6600481315 /* XcodeCloudTestUITests */ = {
			isa = PBXFileSystemSynchronizedRootGroup;
			path = XcodeCloudTestUITests;
			sourceTree = "<group>";
		};
/* End PBXFileSystemSynchronizedRootGroup section */

/* Begin PBXFrameworksBuildPhase section */
		8F909AAB2E448F6400481315 /* Frameworks */ = {
			isa = PBXFrameworksBuildPhase;
			buildActionMask = 2147483647;
			files = (
			);
			runOnlyForDeploymentPostprocessing = 0;
		};
		8F909AB82E448F6600481315 /* Frameworks */ = {
			isa = PBXFrameworksBuildPhase;
			buildActionMask = 2147483647;
			files = (
			);
			runOnlyForDeploymentPostprocessing = 0;
		};
		8F909AC22E448F6600481315 /* Frameworks */ = {
			isa = PBXFrameworksBuildPhase;
			buildActionMask = 2147483647;
			files = (
			);
			runOnlyForDeploymentPostprocessing = 0;
		};
/* End PBXFrameworksBuildPhase section */

/* Begin PBXGroup section */
		8F909AA52E448F6400481315 = {
			isa = PBXGroup;
			children = (
				8F909AB02E448F6400481315 /* XcodeCloudTest */,
				8F909ABE2E448F6600481315 /* XcodeCloudTestTests */,
				8F909AC82E448F6600481315 /* XcodeCloudTestUITests */,
				8F909AAF2E448F6400481315 /* Products */,
			);
			sourceTree = "<group>";
		};
		8F909AAF2E448F6400481315 /* Products */ = {
			isa = PBXGroup;
			children = (
				8F909AAE2E448F6400481315 /* XcodeCloudTest.app */,
				8F909ABB2E448F6600481315 /* XcodeCloudTestTests.xctest */,
				8F909AC52E448F6600481315 /* XcodeCloudTestUITests.xctest */,
			);
			name = Products;
			sourceTree = "<group>";
		};
/* End PBXGroup section */

/* Begin PBXNativeTarget section */
		8F909AAD2E448F6400481315 /* XcodeCloudTest */ = {
			isa = PBXNativeTarget;
			buildConfigurationList = 8F909ACF2E448F6600481315 /* Build configuration list for PBXNativeTarget "XcodeCloudTest" */;
			buildPhases = (
				8F909AAA2E448F6400481315 /* Sources */,
				8F909AAB2E448F6400481315 /* Frameworks */,
				8F909AAC2E448F6400481315 /* Resources */,
			);
			buildRules = (
			);
			dependencies = (
			);
			fileSystemSynchronizedGroups = (
				8F909AB02E448F6400481315 /* XcodeCloudTest */,
			);
			name = XcodeCloudTest;
			packageProductDependencies = (
			);
			productName = XcodeCloudTest;
			productReference = 8F909AAE2E448F6400481315 /* XcodeCloudTest.app */;
			productType = "com.apple.product-type.application";
		};
		8F909ABA2E448F6600481315 /* XcodeCloudTestTests */ = {
			isa = PBXNativeTarget;
			buildConfigurationList = 8F909AD22E448F6600481315 /* Build configuration list for PBXNativeTarget "XcodeCloudTestTests" */;
			buildPhases = (
				8F909AB72E448F6600481315 /* Sources */,
				8F909AB82E448F6600481315 /* Frameworks */,
				8F909AB92E448F6600481315 /* Resources */,
			);
			buildRules = (
			);
			dependencies = (
				8F909ABD2E448F6600481315 /* PBXTargetDependency */,
			);
			fileSystemSynchronizedGroups = (
				8F909ABE2E448F6600481315 /* XcodeCloudTestTests */,
			);
			name = XcodeCloudTestTests;
			packageProductDependencies = (
			);
			productName = XcodeCloudTestTests;
			productReference = 8F909ABB2E448F6600481315 /* XcodeCloudTestTests.xctest */;
			productType = "com.apple.product-type.bundle.unit-test";
		};
		8F909AC42E448F6600481315 /* XcodeCloudTestUITests */ = {
			isa = PBXNativeTarget;
			buildConfigurationList = 8F909AD52E448F6600481315 /* Build configuration list for PBXNativeTarget "XcodeCloudTestUITests" */;
			buildPhases = (
				8F909AC12E448F6600481315 /* Sources */,
				8F909AC22E448F6600481315 /* Frameworks */,
				8F909AC32E448F6600481315 /* Resources */,
			);
			buildRules = (
			);
			dependencies = (
				8F909AC72E448F6600481315 /* PBXTargetDependency */,
			);
			fileSystemSynchronizedGroups = (
				8F909AC82E448F6600481315 /* XcodeCloudTestUITests */,
			);
			name = XcodeCloudTestUITests;
			packageProductDependencies = (
			);
			productName = XcodeCloudTestUITests;
			productReference = 8F909AC52E448F6600481315 /* XcodeCloudTestUITests.xctest */;
			productType = "com.apple.product-type.bundle.ui-testing";
		};
/* End PBXNativeTarget section */

/* Begin PBXProject section */
		8F909AA62E448F6400481315 /* Project object */ = {
			isa = PBXProject;
			attributes = {
				BuildIndependentTargetsInParallel = 1;
				LastSwiftUpdateCheck = 1630;
				LastUpgradeCheck = 1630;
				TargetAttributes = {
					8F909AAD2E448F6400481315 = {
						CreatedOnToolsVersion = 16.3;
					};
					8F909ABA2E448F6600481315 = {
						CreatedOnToolsVersion = 16.3;
						TestTargetID = 8F909AAD2E448F6400481315;
					};
					8F909AC42E448F6600481315 = {
						CreatedOnToolsVersion = 16.3;
						TestTargetID = 8F909AAD2E448F6400481315;
					};
				};
			};
			buildConfigurationList = 8F909AA92E448F6400481315 /* Build configuration list for PBXProject "XcodeCloudTest" */;
			developmentRegion = en;
			hasScannedForEncodings = 0;
			knownRegions = (
				en,
				Base,
			);
			mainGroup = 8F909AA52E448F6400481315;
			minimizedProjectReferenceProxies = 1;
			preferredProjectObjectVersion = 77;
			productRefGroup = 8F909AAF2E448F6400481315 /* Products */;
			projectDirPath = "";
			projectRoot = "";
			targets = (
				8F909AAD2E448F6400481315 /* XcodeCloudTest */,
				8F909ABA2E448F6600481315 /* XcodeCloudTestTests */,
				8F909AC42E448F6600481315 /* XcodeCloudTestUITests */,
			);
		};
/* End PBXProject section */

/* Begin PBXResourcesBuildPhase section */
		8F909AAC2E448F6400481315 /* Resources */ = {
			isa = PBXResourcesBuildPhase;
			buildActionMask = 2147483647;
			files = (
			);
			runOnlyForDeploymentPostprocessing = 0;
		};
		8F909AB92E448F6600481315 /* Resources */ = {
			isa = PBXResourcesBuildPhase;
			buildActionMask = 2147483647;
			files = (
			);
			runOnlyForDeploymentPostprocessing = 0;
		};
		8F909AC32E448F6600481315 /* Resources */ = {
			isa = PBXResourcesBuildPhase;
			buildActionMask = 2147483647;
			files = (
			);
			runOnlyForDeploymentPostprocessing = 0;
		};
/* End PBXResourcesBuildPhase section */

/* Begin PBXSourcesBuildPhase section */
		8F909AAA2E448F6400481315 /* Sources */ = {
			isa = PBXSourcesBuildPhase;
			buildActionMask = 2147483647;
			files = (
			);
			runOnlyForDeploymentPostprocessing = 0;
		};
		8F909AB72E448F6600481315 /* Sources */ = {
			isa = PBXSourcesBuildPhase;
			buildActionMask = 2147483647;
			files = (
			);
			runOnlyForDeploymentPostprocessing = 0;
		};
		8F909AC12E448F6600481315 /* Sources */ = {
			isa = PBXSourcesBuildPhase;
			buildActionMask = 2147483647;
			files = (
			);
			runOnlyForDeploymentPostprocessing = 0;
		};
/* End PBXSourcesBuildPhase section */

/* Begin PBXTargetDependency section */
		8F909ABD2E448F6600481315 /* PBXTargetDependency */ = {
			isa = PBXTargetDependency;
			target = 8F909AAD2E448F6400481315 /* XcodeCloudTest */;
			targetProxy = 8F909ABC2E448F6600481315 /* PBXContainerItemProxy */;
		};
		8F909AC72E448F6600481315 /* PBXTargetDependency */ = {
			isa = PBXTargetDependency;
			target = 8F909AAD2E448F6400481315 /* XcodeCloudTest */;
			targetProxy = 8F909AC62E448F6600481315 /* PBXContainerItemProxy */;
		};
/* End PBXTargetDependency section */

/* Begin XCBuildConfiguration section */
		8F909ACD2E448F6600481315 /* Debug */ = {
			isa = XCBuildConfiguration;
			buildSettings = {
				ALWAYS_SEARCH_USER_PATHS = NO;
				ASSETCATALOG_COMPILER_GENERATE_SWIFT_ASSET_SYMBOL_EXTENSIONS = YES;
				CLANG_ANALYZER_NONNULL = YES;
				CLANG_ANALYZER_NUMBER_OBJECT_CONVERSION = YES_AGGRESSIVE;
				CLANG_CXX_LANGUAGE_STANDARD = "gnu++20";
				CLANG_ENABLE_MODULES = YES;
				CLANG_ENABLE_OBJC_ARC = YES;
				CLANG_ENABLE_OBJC_WEAK = YES;
				CLANG_WARN_BLOCK_CAPTURE_AUTORELEASING = YES;
				CLANG_WARN_BOOL_CONVERSION = YES;
				CLANG_WARN_COMMA = YES;
				CLANG_WARN_CONSTANT_CONVERSION = YES;
				CLANG_WARN_DEPRECATED_OBJC_IMPLEMENTATIONS = YES;
				CLANG_WARN_DIRECT_OBJC_ISA_USAGE = YES_ERROR;
				CLANG_WARN_DOCUMENTATION_COMMENTS = YES;
				CLANG_WARN_EMPTY_BODY = YES;
				CLANG_WARN_ENUM_CONVERSION = YES;
				CLANG_WARN_INFINITE_RECURSION = YES;
				CLANG_WARN_INT_CONVERSION = YES;
				CLANG_WARN_NON_LITERAL_NULL_CONVERSION = YES;
				CLANG_WARN_OBJC_IMPLICIT_RETAIN_SELF = YES;
				CLANG_WARN_OBJC_LITERAL_CONVERSION = YES;
				CLANG_WARN_OBJC_ROOT_CLASS = YES_ERROR;
				CLANG_WARN_QUOTED_INCLUDE_IN_FRAMEWORK_HEADER = YES;
				CLANG_WARN_RANGE_LOOP_ANALYSIS = YES;
				CLANG_WARN_STRICT_PROTOTYPES = YES;
				CLANG_WARN_SUSPICIOUS_MOVE = YES;
				CLANG_WARN_UNGUARDED_AVAILABILITY = YES_AGGRESSIVE;
				CLANG_WARN_UNREACHABLE_CODE = YES;
				CLANG_WARN__DUPLICATE_METHOD_MATCH = YES;
				COPY_PHASE_STRIP = NO;
				DEBUG_INFORMATION_FORMAT = dwarf;
				DEVELOPMENT_TEAM = 2TKJ6R48N9;
				ENABLE_STRICT_OBJC_MSGSEND = YES;
				ENABLE_TESTABILITY = YES;
				ENABLE_USER_SCRIPT_SANDBOXING = YES;
				GCC_C_LANGUAGE_STANDARD = gnu17;
				GCC_DYNAMIC_NO_PIC = NO;
				GCC_NO_COMMON_BLOCKS = YES;
				GCC_OPTIMIZATION_LEVEL = 0;
				GCC_PREPROCESSOR_DEFINITIONS = (
					"DEBUG=1",
					"$(inherited)",
				);
				GCC_WARN_64_TO_32_BIT_CONVERSION = YES;
				GCC_WARN_ABOUT_RETURN_TYPE = YES_ERROR;
				GCC_WARN_UNDECLARED_SELECTOR = YES;
				GCC_WARN_UNINITIALIZED_AUTOS = YES_AGGRESSIVE;
				GCC_WARN_UNUSED_FUNCTION = YES;
				GCC_WARN_UNUSED_VARIABLE = YES;
				IPHONEOS_DEPLOYMENT_TARGET = 18.4;
				LOCALIZATION_PREFERS_STRING_CATALOGS = YES;
				MTL_ENABLE_DEBUG_INFO = INCLUDE_SOURCE;
				MTL_FAST_MATH = YES;
				ONLY_ACTIVE_ARCH = YES;
				SDKROOT = iphoneos;
				SWIFT_ACTIVE_COMPILATION_CONDITIONS = "DEBUG $(inherited)";
				SWIFT_OPTIMIZATION_LEVEL = "-Onone";
			};
			name = Debug;
		};
		8F909ACE2E448F6600481315 /* Release */ = {
			isa = XCBuildConfiguration;
			buildSettings = {
				ALWAYS_SEARCH_USER_PATHS = NO;
				ASSETCATALOG_COMPILER_GENERATE_SWIFT_ASSET_SYMBOL_EXTENSIONS = YES;
				CLANG_ANALYZER_NONNULL = YES;
				CLANG_ANALYZER_NUMBER_OBJECT_CONVERSION = YES_AGGRESSIVE;
				CLANG_CXX_LANGUAGE_STANDARD = "gnu++20";
				CLANG_ENABLE_MODULES = YES;
				CLANG_ENABLE_OBJC_ARC = YES;
				CLANG_ENABLE_OBJC_WEAK = YES;
				CLANG_WARN_BLOCK_CAPTURE_AUTORELEASING = YES;
				CLANG_WARN_BOOL_CONVERSION = YES;
				CLANG_WARN_COMMA = YES;
				CLANG_WARN_CONSTANT_CONVERSION = YES;
				CLANG_WARN_DEPRECATED_OBJC_IMPLEMENTATIONS = YES;
				CLANG_WARN_DIRECT_OBJC_ISA_USAGE = YES_ERROR;
				CLANG_WARN_DOCUMENTATION_COMMENTS = YES;
				CLANG_WARN_EMPTY_BODY = YES;
				CLANG_WARN_ENUM_CONVERSION = YES;
				CLANG_WARN_INFINITE_RECURSION = YES;
				CLANG_WARN_INT_CONVERSION = YES;
				CLANG_WARN_NON_LITERAL_NULL_CONVERSION = YES;
				CLANG_WARN_OBJC_IMPLICIT_RETAIN_SELF = YES;
				CLANG_WARN_OBJC_LITERAL_CONVERSION = YES;
				CLANG_WARN_OBJC_ROOT_CLASS = YES_ERROR;
				CLANG_WARN_QUOTED_INCLUDE_IN_FRAMEWORK_HEADER = YES;
				CLANG_WARN_RANGE_LOOP_ANALYSIS = YES;
				CLANG_WARN_STRICT_PROTOTYPES = YES;
				CLANG_WARN_SUSPICIOUS_MOVE = YES;
				CLANG_WARN_UNGUARDED_AVAILABILITY = YES_AGGRESSIVE;
				CLANG_WARN_UNREACHABLE_CODE = YES;
				CLANG_WARN__DUPLICATE_METHOD_MATCH = YES;
				COPY_PHASE_STRIP = NO;
				DEBUG_INFORMATION_FORMAT = "dwarf-with-dsym";
				DEVELOPMENT_TEAM = 2TKJ6R48N9;
				ENABLE_NS_ASSERTIONS = NO;
				ENABLE_STRICT_OBJC_MSGSEND = YES;
				ENABLE_USER_SCRIPT_SANDBOXING = YES;
				GCC_C_LANGUAGE_STANDARD = gnu17;
				GCC_NO_COMMON_BLOCKS = YES;
				GCC_WARN_64_TO_32_BIT_CONVERSION = YES;
				GCC_WARN_ABOUT_RETURN_TYPE = YES_ERROR;
				GCC_WARN_UNDECLARED_SELECTOR = YES;
				GCC_WARN_UNINITIALIZED_AUTOS = YES_AGGRESSIVE;
				GCC_WARN_UNUSED_FUNCTION = YES;
				GCC_WARN_UNUSED_VARIABLE = YES;
				IPHONEOS_DEPLOYMENT_TARGET = 18.4;
				LOCALIZATION_PREFERS_STRING_CATALOGS = YES;
				MTL_ENABLE_DEBUG_INFO = NO;
				MTL_FAST_MATH = YES;
				SDKROOT = iphoneos;
				SWIFT_COMPILATION_MODE = wholemodule;
				VALIDATE_PRODUCT = YES;
			};
			name = Release;
		};
		8F909AD02E448F6600481315 /* Debug */ = {
			isa = XCBuildConfiguration;
			buildSettings = {
				ASSETCATALOG_COMPILER_APPICON_NAME = AppIcon;
				ASSETCATALOG_COMPILER_GLOBAL_ACCENT_COLOR_NAME = AccentColor;
				CODE_SIGN_STYLE = Automatic;
				CURRENT_PROJECT_VERSION = 1;
				DEVELOPMENT_TEAM = 2TKJ6R48N9;
				ENABLE_PREVIEWS = YES;
				GENERATE_INFOPLIST_FILE = YES;
				INFOPLIST_KEY_UIApplicationSceneManifest_Generation = YES;
				INFOPLIST_KEY_UIApplicationSupportsIndirectInputEvents = YES;
				INFOPLIST_KEY_UILaunchScreen_Generation = YES;
				INFOPLIST_KEY_UISupportedInterfaceOrientations_iPad = "UIInterfaceOrientationPortrait UIInterfaceOrientationPortraitUpsideDown UIInterfaceOrientationLandscapeLeft UIInterfaceOrientationLandscapeRight";
				INFOPLIST_KEY_UISupportedInterfaceOrientations_iPhone = "UIInterfaceOrientationPortrait UIInterfaceOrientationLandscapeLeft UIInterfaceOrientationLandscapeRight";
				LD_RUNPATH_SEARCH_PATHS = (
					"$(inherited)",
					"@executable_path/Frameworks",
				);
				MARKETING_VERSION = 1.0;
				PRODUCT_BUNDLE_IDENTIFIER = "io.branch.branchexsample-ios.XcodeCloudTest";
				PRODUCT_NAME = "$(TARGET_NAME)";
				SWIFT_EMIT_LOC_STRINGS = YES;
				SWIFT_VERSION = 5.0;
				TARGETED_DEVICE_FAMILY = "1,2";
			};
			name = Debug;
		};
		8F909AD12E448F6600481315 /* Release */ = {
			isa = XCBuildConfiguration;
			buildSettings = {
				ASSETCATALOG_COMPILER_APPICON_NAME = AppIcon;
				ASSETCATALOG_COMPILER_GLOBAL_ACCENT_COLOR_NAME = AccentColor;
				CODE_SIGN_STYLE = Automatic;
				CURRENT_PROJECT_VERSION = 1;
				DEVELOPMENT_TEAM = 2TKJ6R48N9;
				ENABLE_PREVIEWS = YES;
				GENERATE_INFOPLIST_FILE = YES;
				INFOPLIST_KEY_UIApplicationSceneManifest_Generation = YES;
				INFOPLIST_KEY_UIApplicationSupportsIndirectInputEvents = YES;
				INFOPLIST_KEY_UILaunchScreen_Generation = YES;
				INFOPLIST_KEY_UISupportedInterfaceOrientations_iPad = "UIInterfaceOrientationPortrait UIInterfaceOrientationPortraitUpsideDown UIInterfaceOrientationLandscapeLeft UIInterfaceOrientationLandscapeRight";
				INFOPLIST_KEY_UISupportedInterfaceOrientations_iPhone = "UIInterfaceOrientationPortrait UIInterfaceOrientationLandscapeLeft UIInterfaceOrientationLandscapeRight";
				LD_RUNPATH_SEARCH_PATHS = (
					"$(inherited)",
					"@executable_path/Frameworks",
				);
				MARKETING_VERSION = 1.0;
				PRODUCT_BUNDLE_IDENTIFIER = "io.branch.branchexsample-ios.XcodeCloudTest";
				PRODUCT_NAME = "$(TARGET_NAME)";
				SWIFT_EMIT_LOC_STRINGS = YES;
				SWIFT_VERSION = 5.0;
				TARGETED_DEVICE_FAMILY = "1,2";
			};
			name = Release;
		};
		8F909AD32E448F6600481315 /* Debug */ = {
			isa = XCBuildConfiguration;
			buildSettings = {
				BUNDLE_LOADER = "$(TEST_HOST)";
				CODE_SIGN_STYLE = Automatic;
				CURRENT_PROJECT_VERSION = 1;
				DEVELOPMENT_TEAM = 2TKJ6R48N9;
				GENERATE_INFOPLIST_FILE = YES;
				IPHONEOS_DEPLOYMENT_TARGET = 18.4;
				MARKETING_VERSION = 1.0;
				PRODUCT_BUNDLE_IDENTIFIER = "io.branch.branchexsample-ios.XcodeCloudTestTests";
				PRODUCT_NAME = "$(TARGET_NAME)";
				SWIFT_EMIT_LOC_STRINGS = NO;
				SWIFT_VERSION = 5.0;
				TARGETED_DEVICE_FAMILY = "1,2";
				TEST_HOST = "$(BUILT_PRODUCTS_DIR)/XcodeCloudTest.app/$(BUNDLE_EXECUTABLE_FOLDER_PATH)/XcodeCloudTest";
			};
			name = Debug;
		};
		8F909AD42E448F6600481315 /* Release */ = {
			isa = XCBuildConfiguration;
			buildSettings = {
				BUNDLE_LOADER = "$(TEST_HOST)";
				CODE_SIGN_STYLE = Automatic;
				CURRENT_PROJECT_VERSION = 1;
				DEVELOPMENT_TEAM = 2TKJ6R48N9;
				GENERATE_INFOPLIST_FILE = YES;
				IPHONEOS_DEPLOYMENT_TARGET = 18.4;
				MARKETING_VERSION = 1.0;
				PRODUCT_BUNDLE_IDENTIFIER = "io.branch.branchexsample-ios.XcodeCloudTestTests";
				PRODUCT_NAME = "$(TARGET_NAME)";
				SWIFT_EMIT_LOC_STRINGS = NO;
				SWIFT_VERSION = 5.0;
				TARGETED_DEVICE_FAMILY = "1,2";
				TEST_HOST = "$(BUILT_PRODUCTS_DIR)/XcodeCloudTest.app/$(BUNDLE_EXECUTABLE_FOLDER_PATH)/XcodeCloudTest";
			};
			name = Release;
		};
		8F909AD62E448F6600481315 /* Debug */ = {
			isa = XCBuildConfiguration;
			buildSettings = {
				CODE_SIGN_STYLE = Automatic;
				CURRENT_PROJECT_VERSION = 1;
				DEVELOPMENT_TEAM = 2TKJ6R48N9;
				GENERATE_INFOPLIST_FILE = YES;
				MARKETING_VERSION = 1.0;
				PRODUCT_BUNDLE_IDENTIFIER = "io.branch.branchexsample-ios.XcodeCloudTestUITests";
				PRODUCT_NAME = "$(TARGET_NAME)";
				SWIFT_EMIT_LOC_STRINGS = NO;
				SWIFT_VERSION = 5.0;
				TARGETED_DEVICE_FAMILY = "1,2";
				TEST_TARGET_NAME = XcodeCloudTest;
			};
			name = Debug;
		};
		8F909AD72E448F6600481315 /* Release */ = {
			isa = XCBuildConfiguration;
			buildSettings = {
				CODE_SIGN_STYLE = Automatic;
				CURRENT_PROJECT_VERSION = 1;
				DEVELOPMENT_TEAM = 2TKJ6R48N9;
				GENERATE_INFOPLIST_FILE = YES;
				MARKETING_VERSION = 1.0;
				PRODUCT_BUNDLE_IDENTIFIER = "io.branch.branchexsample-ios.XcodeCloudTestUITests";
				PRODUCT_NAME = "$(TARGET_NAME)";
				SWIFT_EMIT_LOC_STRINGS = NO;
				SWIFT_VERSION = 5.0;
				TARGETED_DEVICE_FAMILY = "1,2";
				TEST_TARGET_NAME = XcodeCloudTest;
			};
			name = Release;
		};
/* End XCBuildConfiguration section */

/* Begin XCConfigurationList section */
		8F909AA92E448F6400481315 /* Build configuration list for PBXProject "XcodeCloudTest" */ = {
			isa = XCConfigurationList;
			buildConfigurations = (
				8F909ACD2E448F6600481315 /* Debug */,
				8F909ACE2E448F6600481315 /* Release */,
			);
			defaultConfigurationIsVisible = 0;
			defaultConfigurationName = Release;
		};
		8F909ACF2E448F6600481315 /* Build configuration list for PBXNativeTarget "XcodeCloudTest" */ = {
			isa = XCConfigurationList;
			buildConfigurations = (
				8F909AD02E448F6600481315 /* Debug */,
				8F909AD12E448F6600481315 /* Release */,
			);
			defaultConfigurationIsVisible = 0;
			defaultConfigurationName = Release;
		};
		8F909AD22E448F6600481315 /* Build configuration list for PBXNativeTarget "XcodeCloudTestTests" */ = {
			isa = XCConfigurationList;
			buildConfigurations = (
				8F909AD32E448F6600481315 /* Debug */,
				8F909AD42E448F6600481315 /* Release */,
			);
			defaultConfigurationIsVisible = 0;
			defaultConfigurationName = Release;
		};
		8F909AD52E448F6600481315 /* Build configuration list for PBXNativeTarget "XcodeCloudTestUITests" */ = {
			isa = XCConfigurationList;
			buildConfigurations = (
				8F909AD62E448F6600481315 /* Debug */,
				8F909AD72E448F6600481315 /* Release */,
			);
			defaultConfigurationIsVisible = 0;
			defaultConfigurationName = Release;
		};
/* End XCConfigurationList section */
	};
	rootObject = 8F909AA62E448F6400481315 /* Project object */;
}
